
Microsoft Visual Studio Solution File, Format Version 12.00
# Visual Studio Version 16
VisualStudioVersion = 16.0.33328.57
MinimumVisualStudioVersion = 10.0.40219.1
Project("{FAE04EC0-301F-11D3-BF4B-00C04F79EFBC}") = "shippingQuote_program", "shippingQuote_program\shippingQuote_program.csproj", "{1CF6354E-D48D-4A23-9094-CF7FE574C720}"
EndProject
Global
	GlobalSection(SolutionConfigurationPlatforms) = preSolution
		Debug|Any CPU = Debug|Any CPU
		Release|Any CPU = Release|Any CPU
	EndGlobalSection
	GlobalSection(ProjectConfigurationPlatforms) = postSolution
		{1CF6354E-D48D-4A23-9094-CF7FE574C720}.Debug|Any CPU.ActiveCfg = Debug|Any CPU
		{1CF6354E-D48D-4A23-9094-CF7FE574C720}.Debug|Any CPU.Build.0 = Debug|Any CPU
		{1CF6354E-D48D-4A23-9094-CF7FE574C720}.Release|Any CPU.ActiveCfg = Release|Any CPU
		{1CF6354E-D48D-4A23-9094-CF7FE574C720}.Release|Any CPU.Build.0 = Release|Any CPU
	EndGlobalSection
	GlobalSection(SolutionProperties) = preSolution
		HideSolutionNode = FALSE
	EndGlobalSection
	GlobalSection(ExtensibilityGlobals) = postSolution
		SolutionGuid = {60700F99-F3A4-4CA4-B5B1-1212FC760F3E}
	EndGlobalSection
EndGlobal
