
Microsoft Visual Studio Solution File, Format Version 12.00
# Visual Studio Version 16
VisualStudioVersion = 16.0.33328.57
MinimumVisualStudioVersion = 10.0.40219.1
Project("{FAE04EC0-301F-11D3-BF4B-00C04F79EFBC}") = "Blackjack", "Blackjack\Blackjack.csproj", "{CF6CB7EC-7FEA-435D-AD9B-A58AF43C3348}"
EndProject
Project("{FAE04EC0-301F-11D3-BF4B-00C04F79EFBC}") = "Casino", "Casino\Casino.csproj", "{B19F1974-4844-4E4C-A01B-E5B0AB57FA97}"
EndProject
Global
	GlobalSection(SolutionConfigurationPlatforms) = preSolution
		Debug|Any CPU = Debug|Any CPU
		Release|Any CPU = Release|Any CPU
	EndGlobalSection
	GlobalSection(ProjectConfigurationPlatforms) = postSolution
		{CF6CB7EC-7FEA-435D-AD9B-A58AF43C3348}.Debug|Any CPU.ActiveCfg = Debug|Any CPU
		{CF6CB7EC-7FEA-435D-AD9B-A58AF43C3348}.Debug|Any CPU.Build.0 = Debug|Any CPU
		{CF6CB7EC-7FEA-435D-AD9B-A58AF43C3348}.Release|Any CPU.ActiveCfg = Release|Any CPU
		{CF6CB7EC-7FEA-435D-AD9B-A58AF43C3348}.Release|Any CPU.Build.0 = Release|Any CPU
		{B19F1974-4844-4E4C-A01B-E5B0AB57FA97}.Debug|Any CPU.ActiveCfg = Debug|Any CPU
		{B19F1974-4844-4E4C-A01B-E5B0AB57FA97}.Debug|Any CPU.Build.0 = Debug|Any CPU
		{B19F1974-4844-4E4C-A01B-E5B0AB57FA97}.Release|Any CPU.ActiveCfg = Release|Any CPU
		{B19F1974-4844-4E4C-A01B-E5B0AB57FA97}.Release|Any CPU.Build.0 = Release|Any CPU
	EndGlobalSection
	GlobalSection(SolutionProperties) = preSolution
		HideSolutionNode = FALSE
	EndGlobalSection
	GlobalSection(ExtensibilityGlobals) = postSolution
		SolutionGuid = {C3E8760D-B205-4B34-895C-8925B50EA037}
	EndGlobalSection
EndGlobal
