
Microsoft Visual Studio Solution File, Format Version 12.00
# Visual Studio Version 16
VisualStudioVersion = 16.0.33328.57
MinimumVisualStudioVersion = 10.0.40219.1
Project("{FAE04EC0-301F-11D3-BF4B-00C04F79EFBC}") = "StringFunctions", "StringFunctions\StringFunctions.csproj", "{CC5B06D8-5EDA-4199-8000-13F9138B37FD}"
EndProject
Global
	GlobalSection(SolutionConfigurationPlatforms) = preSolution
		Debug|Any CPU = Debug|Any CPU
		Release|Any CPU = Release|Any CPU
	EndGlobalSection
	GlobalSection(ProjectConfigurationPlatforms) = postSolution
		{CC5B06D8-5EDA-4199-8000-13F9138B37FD}.Debug|Any CPU.ActiveCfg = Debug|Any CPU
		{CC5B06D8-5EDA-4199-8000-13F9138B37FD}.Debug|Any CPU.Build.0 = Debug|Any CPU
		{CC5B06D8-5EDA-4199-8000-13F9138B37FD}.Release|Any CPU.ActiveCfg = Release|Any CPU
		{CC5B06D8-5EDA-4199-8000-13F9138B37FD}.Release|Any CPU.Build.0 = Release|Any CPU
	EndGlobalSection
	GlobalSection(SolutionProperties) = preSolution
		HideSolutionNode = FALSE
	EndGlobalSection
	GlobalSection(ExtensibilityGlobals) = postSolution
		SolutionGuid = {40B92795-8D58-4DAA-A6CE-9FE0712E658A}
	EndGlobalSection
EndGlobal
