
Microsoft Visual Studio Solution File, Format Version 12.00
# Visual Studio Version 16
VisualStudioVersion = 16.0.33328.57
MinimumVisualStudioVersion = 10.0.40219.1
Project("{FAE04EC0-301F-11D3-BF4B-00C04F79EFBC}") = "VariablesAndDataTypes", "VariablesAndDataTypes\VariablesAndDataTypes.csproj", "{F9424510-CB00-4031-B121-D19C1D6F08DF}"
EndProject
Global
	GlobalSection(SolutionConfigurationPlatforms) = preSolution
		Debug|Any CPU = Debug|Any CPU
		Release|Any CPU = Release|Any CPU
	EndGlobalSection
	GlobalSection(ProjectConfigurationPlatforms) = postSolution
		{F9424510-CB00-4031-B121-D19C1D6F08DF}.Debug|Any CPU.ActiveCfg = Debug|Any CPU
		{F9424510-CB00-4031-B121-D19C1D6F08DF}.Debug|Any CPU.Build.0 = Debug|Any CPU
		{F9424510-CB00-4031-B121-D19C1D6F08DF}.Release|Any CPU.ActiveCfg = Release|Any CPU
		{F9424510-CB00-4031-B121-D19C1D6F08DF}.Release|Any CPU.Build.0 = Release|Any CPU
	EndGlobalSection
	GlobalSection(SolutionProperties) = preSolution
		HideSolutionNode = FALSE
	EndGlobalSection
	GlobalSection(ExtensibilityGlobals) = postSolution
		SolutionGuid = {8593A8B9-4FA8-4618-B655-1ECDA33FE887}
	EndGlobalSection
EndGlobal
