
Microsoft Visual Studio Solution File, Format Version 12.00
# Visual Studio Version 16
VisualStudioVersion = 16.0.33328.57
MinimumVisualStudioVersion = 10.0.40219.1
Project("{FAE04EC0-301F-11D3-BF4B-00C04F79EFBC}") = "ifElse", "ifElse\ifElse.csproj", "{79956640-2F25-45FD-91F7-ED767238D5E8}"
EndProject
Global
	GlobalSection(SolutionConfigurationPlatforms) = preSolution
		Debug|Any CPU = Debug|Any CPU
		Release|Any CPU = Release|Any CPU
	EndGlobalSection
	GlobalSection(ProjectConfigurationPlatforms) = postSolution
		{79956640-2F25-45FD-91F7-ED767238D5E8}.Debug|Any CPU.ActiveCfg = Debug|Any CPU
		{79956640-2F25-45FD-91F7-ED767238D5E8}.Debug|Any CPU.Build.0 = Debug|Any CPU
		{79956640-2F25-45FD-91F7-ED767238D5E8}.Release|Any CPU.ActiveCfg = Release|Any CPU
		{79956640-2F25-45FD-91F7-ED767238D5E8}.Release|Any CPU.Build.0 = Release|Any CPU
	EndGlobalSection
	GlobalSection(SolutionProperties) = preSolution
		HideSolutionNode = FALSE
	EndGlobalSection
	GlobalSection(ExtensibilityGlobals) = postSolution
		SolutionGuid = {997EBAF1-B741-437C-B573-CCB9F6D178FD}
	EndGlobalSection
EndGlobal
