
Microsoft Visual Studio Solution File, Format Version 12.00
# Visual Studio Version 16
VisualStudioVersion = 16.0.33328.57
MinimumVisualStudioVersion = 10.0.40219.1
Project("{FAE04EC0-301F-11D3-BF4B-00C04F79EFBC}") = "callingMethods", "callingMethods\callingMethods.csproj", "{78874877-C250-4D0E-B559-A417F441341B}"
EndProject
Global
	GlobalSection(SolutionConfigurationPlatforms) = preSolution
		Debug|Any CPU = Debug|Any CPU
		Release|Any CPU = Release|Any CPU
	EndGlobalSection
	GlobalSection(ProjectConfigurationPlatforms) = postSolution
		{78874877-C250-4D0E-B559-A417F441341B}.Debug|Any CPU.ActiveCfg = Debug|Any CPU
		{78874877-C250-4D0E-B559-A417F441341B}.Debug|Any CPU.Build.0 = Debug|Any CPU
		{78874877-C250-4D0E-B559-A417F441341B}.Release|Any CPU.ActiveCfg = Release|Any CPU
		{78874877-C250-4D0E-B559-A417F441341B}.Release|Any CPU.Build.0 = Release|Any CPU
	EndGlobalSection
	GlobalSection(SolutionProperties) = preSolution
		HideSolutionNode = FALSE
	EndGlobalSection
	GlobalSection(ExtensibilityGlobals) = postSolution
		SolutionGuid = {1F40D754-5462-446D-877C-D6C14A9F23AC}
	EndGlobalSection
EndGlobal
