
Microsoft Visual Studio Solution File, Format Version 12.00
# Visual Studio Version 16
VisualStudioVersion = 16.0.33328.57
MinimumVisualStudioVersion = 10.0.40219.1
Project("{FAE04EC0-301F-11D3-BF4B-00C04F79EFBC}") = "HelloWorld", "HelloWorld\HelloWorld.csproj", "{538F151D-E231-4651-82F5-92417A063A90}"
EndProject
Global
	GlobalSection(SolutionConfigurationPlatforms) = preSolution
		Debug|Any CPU = Debug|Any CPU
		Release|Any CPU = Release|Any CPU
	EndGlobalSection
	GlobalSection(ProjectConfigurationPlatforms) = postSolution
		{538F151D-E231-4651-82F5-92417A063A90}.Debug|Any CPU.ActiveCfg = Debug|Any CPU
		{538F151D-E231-4651-82F5-92417A063A90}.Debug|Any CPU.Build.0 = Debug|Any CPU
		{538F151D-E231-4651-82F5-92417A063A90}.Release|Any CPU.ActiveCfg = Release|Any CPU
		{538F151D-E231-4651-82F5-92417A063A90}.Release|Any CPU.Build.0 = Release|Any CPU
	EndGlobalSection
	GlobalSection(SolutionProperties) = preSolution
		HideSolutionNode = FALSE
	EndGlobalSection
	GlobalSection(ExtensibilityGlobals) = postSolution
		SolutionGuid = {5B2C6DDC-EE0C-4928-9B24-EDC8A21C597C}
	EndGlobalSection
EndGlobal
