
Microsoft Visual Studio Solution File, Format Version 12.00
# Visual Studio Version 16
VisualStudioVersion = 16.0.33328.57
MinimumVisualStudioVersion = 10.0.40219.1
Project("{FAE04EC0-301F-11D3-BF4B-00C04F79EFBC}") = "MathAndComparisonOperators", "MathAndComparisonOperators\MathAndComparisonOperators.csproj", "{50022E80-1FB3-4A2E-B464-77CA986EC15A}"
EndProject
Global
	GlobalSection(SolutionConfigurationPlatforms) = preSolution
		Debug|Any CPU = Debug|Any CPU
		Release|Any CPU = Release|Any CPU
	EndGlobalSection
	GlobalSection(ProjectConfigurationPlatforms) = postSolution
		{50022E80-1FB3-4A2E-B464-77CA986EC15A}.Debug|Any CPU.ActiveCfg = Debug|Any CPU
		{50022E80-1FB3-4A2E-B464-77CA986EC15A}.Debug|Any CPU.Build.0 = Debug|Any CPU
		{50022E80-1FB3-4A2E-B464-77CA986EC15A}.Release|Any CPU.ActiveCfg = Release|Any CPU
		{50022E80-1FB3-4A2E-B464-77CA986EC15A}.Release|Any CPU.Build.0 = Release|Any CPU
	EndGlobalSection
	GlobalSection(SolutionProperties) = preSolution
		HideSolutionNode = FALSE
	EndGlobalSection
	GlobalSection(ExtensibilityGlobals) = postSolution
		SolutionGuid = {AA86188F-8D59-4B50-BD2C-9BF9A3300C02}
	EndGlobalSection
EndGlobal
