
Microsoft Visual Studio Solution File, Format Version 12.00
# Visual Studio Version 16
VisualStudioVersion = 16.0.33328.57
MinimumVisualStudioVersion = 10.0.40219.1
Project("{FAE04EC0-301F-11D3-BF4B-00C04F79EFBC}") = "BooleanLogic", "BooleanLogic\BooleanLogic.csproj", "{923AA07D-9EF0-47EA-A633-DAF32558D857}"
EndProject
Global
	GlobalSection(SolutionConfigurationPlatforms) = preSolution
		Debug|Any CPU = Debug|Any CPU
		Release|Any CPU = Release|Any CPU
	EndGlobalSection
	GlobalSection(ProjectConfigurationPlatforms) = postSolution
		{923AA07D-9EF0-47EA-A633-DAF32558D857}.Debug|Any CPU.ActiveCfg = Debug|Any CPU
		{923AA07D-9EF0-47EA-A633-DAF32558D857}.Debug|Any CPU.Build.0 = Debug|Any CPU
		{923AA07D-9EF0-47EA-A633-DAF32558D857}.Release|Any CPU.ActiveCfg = Release|Any CPU
		{923AA07D-9EF0-47EA-A633-DAF32558D857}.Release|Any CPU.Build.0 = Release|Any CPU
	EndGlobalSection
	GlobalSection(SolutionProperties) = preSolution
		HideSolutionNode = FALSE
	EndGlobalSection
	GlobalSection(ExtensibilityGlobals) = postSolution
		SolutionGuid = {990D4C73-4E73-4B4F-933B-F34761CC33AE}
	EndGlobalSection
EndGlobal
