
Microsoft Visual Studio Solution File, Format Version 12.00
# Visual Studio Version 16
VisualStudioVersion = 16.0.33328.57
MinimumVisualStudioVersion = 10.0.40219.1
Project("{FAE04EC0-301F-11D3-BF4B-00C04F79EFBC}") = "MethodAssignment", "MethodAssignment\MethodAssignment.csproj", "{ECD5536E-7060-4A4D-A5E6-B44ED1939DF6}"
EndProject
Global
	GlobalSection(SolutionConfigurationPlatforms) = preSolution
		Debug|Any CPU = Debug|Any CPU
		Release|Any CPU = Release|Any CPU
	EndGlobalSection
	GlobalSection(ProjectConfigurationPlatforms) = postSolution
		{ECD5536E-7060-4A4D-A5E6-B44ED1939DF6}.Debug|Any CPU.ActiveCfg = Debug|Any CPU
		{ECD5536E-7060-4A4D-A5E6-B44ED1939DF6}.Debug|Any CPU.Build.0 = Debug|Any CPU
		{ECD5536E-7060-4A4D-A5E6-B44ED1939DF6}.Release|Any CPU.ActiveCfg = Release|Any CPU
		{ECD5536E-7060-4A4D-A5E6-B44ED1939DF6}.Release|Any CPU.Build.0 = Release|Any CPU
	EndGlobalSection
	GlobalSection(SolutionProperties) = preSolution
		HideSolutionNode = FALSE
	EndGlobalSection
	GlobalSection(ExtensibilityGlobals) = postSolution
		SolutionGuid = {430E7085-D7A0-4579-A8EC-BEDB95A7B3F4}
	EndGlobalSection
EndGlobal
