
Microsoft Visual Studio Solution File, Format Version 12.00
# Visual Studio Version 16
VisualStudioVersion = 16.0.33328.57
MinimumVisualStudioVersion = 10.0.40219.1
Project("{FAE04EC0-301F-11D3-BF4B-00C04F79EFBC}") = "MVC_tutorial", "MVC_tutorial\MVC_tutorial.csproj", "{373CB505-3BE0-455A-AAD0-4D57858F594B}"
EndProject
Global
	GlobalSection(SolutionConfigurationPlatforms) = preSolution
		Debug|Any CPU = Debug|Any CPU
		Release|Any CPU = Release|Any CPU
	EndGlobalSection
	GlobalSection(ProjectConfigurationPlatforms) = postSolution
		{373CB505-3BE0-455A-AAD0-4D57858F594B}.Debug|Any CPU.ActiveCfg = Debug|Any CPU
		{373CB505-3BE0-455A-AAD0-4D57858F594B}.Debug|Any CPU.Build.0 = Debug|Any CPU
		{373CB505-3BE0-455A-AAD0-4D57858F594B}.Release|Any CPU.ActiveCfg = Release|Any CPU
		{373CB505-3BE0-455A-AAD0-4D57858F594B}.Release|Any CPU.Build.0 = Release|Any CPU
	EndGlobalSection
	GlobalSection(SolutionProperties) = preSolution
		HideSolutionNode = FALSE
	EndGlobalSection
	GlobalSection(ExtensibilityGlobals) = postSolution
		SolutionGuid = {72E045D2-6B90-4247-9AE8-D6F7570A9A03}
	EndGlobalSection
EndGlobal
